
Microsoft Visual Studio Solution File, Format Version 12.00
# Visual Studio 2012
Project("{FAE04EC0-301F-11D3-BF4B-00C04F79EFBC}") = "Bubbio.WebApi", "src\Bubbio.WebApi\Bubbio.WebApi.csproj", "{B040347A-3282-4B5C-9D48-454EB19D7E55}"
EndProject
Project("{FAE04EC0-301F-11D3-BF4B-00C04F79EFBC}") = "Bubbio.Core", "src\Bubbio.Core\Bubbio.Core.csproj", "{E11B7D18-EF57-4FFF-9A26-D60969FCB7EB}"
EndProject
Project("{FAE04EC0-301F-11D3-BF4B-00C04F79EFBC}") = "Bubbio.Domain", "src\Bubbio.Domain\Bubbio.Domain.csproj", "{A614D37B-EDF0-4587-936B-38E9A0108370}"
EndProject
Project("{FAE04EC0-301F-11D3-BF4B-00C04F79EFBC}") = "Bubbio.Domain.Tests", "test\Bubbio.Domain.Tests\Bubbio.Domain.Tests.csproj", "{D7C1C125-DAB4-48FB-8C04-4E8D32A861BC}"
EndProject
Project("{FAE04EC0-301F-11D3-BF4B-00C04F79EFBC}") = "tools", "tools\tools.csproj", "{E8F7E324-0FF3-4193-A033-004975FEE2B0}"
EndProject
Project("{FAE04EC0-301F-11D3-BF4B-00C04F79EFBC}") = "Bubbio.Db.Mongo", "src\Bubbio.Db.Mongo\Bubbio.Db.Mongo.csproj", "{1CC7B925-C48A-46C4-B74D-5BA30B6EF36A}"
EndProject
Global
	GlobalSection(SolutionConfigurationPlatforms) = preSolution
		Debug|Any CPU = Debug|Any CPU
		Release|Any CPU = Release|Any CPU
	EndGlobalSection
	GlobalSection(ProjectConfigurationPlatforms) = postSolution
		{B040347A-3282-4B5C-9D48-454EB19D7E55}.Debug|Any CPU.ActiveCfg = Debug|Any CPU
		{B040347A-3282-4B5C-9D48-454EB19D7E55}.Debug|Any CPU.Build.0 = Debug|Any CPU
		{B040347A-3282-4B5C-9D48-454EB19D7E55}.Release|Any CPU.ActiveCfg = Release|Any CPU
		{B040347A-3282-4B5C-9D48-454EB19D7E55}.Release|Any CPU.Build.0 = Release|Any CPU
		{E11B7D18-EF57-4FFF-9A26-D60969FCB7EB}.Debug|Any CPU.ActiveCfg = Debug|Any CPU
		{E11B7D18-EF57-4FFF-9A26-D60969FCB7EB}.Debug|Any CPU.Build.0 = Debug|Any CPU
		{E11B7D18-EF57-4FFF-9A26-D60969FCB7EB}.Release|Any CPU.ActiveCfg = Release|Any CPU
		{E11B7D18-EF57-4FFF-9A26-D60969FCB7EB}.Release|Any CPU.Build.0 = Release|Any CPU
		{A614D37B-EDF0-4587-936B-38E9A0108370}.Debug|Any CPU.ActiveCfg = Debug|Any CPU
		{A614D37B-EDF0-4587-936B-38E9A0108370}.Debug|Any CPU.Build.0 = Debug|Any CPU
		{A614D37B-EDF0-4587-936B-38E9A0108370}.Release|Any CPU.ActiveCfg = Release|Any CPU
		{A614D37B-EDF0-4587-936B-38E9A0108370}.Release|Any CPU.Build.0 = Release|Any CPU
		{D7C1C125-DAB4-48FB-8C04-4E8D32A861BC}.Debug|Any CPU.ActiveCfg = Debug|Any CPU
		{D7C1C125-DAB4-48FB-8C04-4E8D32A861BC}.Debug|Any CPU.Build.0 = Debug|Any CPU
		{D7C1C125-DAB4-48FB-8C04-4E8D32A861BC}.Release|Any CPU.ActiveCfg = Release|Any CPU
		{D7C1C125-DAB4-48FB-8C04-4E8D32A861BC}.Release|Any CPU.Build.0 = Release|Any CPU
		{E8F7E324-0FF3-4193-A033-004975FEE2B0}.Debug|Any CPU.ActiveCfg = Debug|Any CPU
		{E8F7E324-0FF3-4193-A033-004975FEE2B0}.Debug|Any CPU.Build.0 = Debug|Any CPU
		{E8F7E324-0FF3-4193-A033-004975FEE2B0}.Release|Any CPU.ActiveCfg = Release|Any CPU
		{E8F7E324-0FF3-4193-A033-004975FEE2B0}.Release|Any CPU.Build.0 = Release|Any CPU
		{1CC7B925-C48A-46C4-B74D-5BA30B6EF36A}.Debug|Any CPU.ActiveCfg = Debug|Any CPU
		{1CC7B925-C48A-46C4-B74D-5BA30B6EF36A}.Debug|Any CPU.Build.0 = Debug|Any CPU
		{1CC7B925-C48A-46C4-B74D-5BA30B6EF36A}.Release|Any CPU.ActiveCfg = Release|Any CPU
		{1CC7B925-C48A-46C4-B74D-5BA30B6EF36A}.Release|Any CPU.Build.0 = Release|Any CPU
	EndGlobalSection
EndGlobal
